// !$*UTF8*$!
{
	archiveVersion = 1;
	classes = {
	};
	objectVersion = 55;
	objects = {

/* Begin PBXBuildFile section */
		0BDBE9EA148BA9066A22ECE6 /* Pods_Tocktak.framework in Frameworks */ = {isa = PBXBuildFile; fileRef = 9379092099D3F2713913E7D9 /* Pods_Tocktak.framework */; };
		816E85F827BE1CB50097FA64 /* DiscoverViewController.swift in Sources */ = {isa = PBXBuildFile; fileRef = 816E85F727BE1CB50097FA64 /* DiscoverViewController.swift */; };
		816E85FB27BE38AE0097FA64 /* MainViewCell.swift in Sources */ = {isa = PBXBuildFile; fileRef = 816E85F927BE38AE0097FA64 /* MainViewCell.swift */; };
		816E85FC27BE38AE0097FA64 /* MainViewCell.xib in Resources */ = {isa = PBXBuildFile; fileRef = 816E85FA27BE38AE0097FA64 /* MainViewCell.xib */; };
		81839E2127BB6D080045F502 /* AppDelegate.swift in Sources */ = {isa = PBXBuildFile; fileRef = 81839E2027BB6D080045F502 /* AppDelegate.swift */; };
		81839E2327BB6D080045F502 /* SceneDelegate.swift in Sources */ = {isa = PBXBuildFile; fileRef = 81839E2227BB6D080045F502 /* SceneDelegate.swift */; };
		81839E2527BB6D080045F502 /* ViewController.swift in Sources */ = {isa = PBXBuildFile; fileRef = 81839E2427BB6D080045F502 /* ViewController.swift */; };
		81839E2827BB6D080045F502 /* Main.storyboard in Resources */ = {isa = PBXBuildFile; fileRef = 81839E2627BB6D080045F502 /* Main.storyboard */; };
		81839E2A27BB6D090045F502 /* Assets.xcassets in Resources */ = {isa = PBXBuildFile; fileRef = 81839E2927BB6D090045F502 /* Assets.xcassets */; };
		81839E2D27BB6D090045F502 /* LaunchScreen.storyboard in Resources */ = {isa = PBXBuildFile; fileRef = 81839E2B27BB6D090045F502 /* LaunchScreen.storyboard */; };
		81CEBDE127BF3FAE0069740E /* cat3.mp4 in Resources */ = {isa = PBXBuildFile; fileRef = 81CEBDDC27BF3FAE0069740E /* cat3.mp4 */; };
		81CEBDE227BF3FAE0069740E /* cat1.mp4 in Resources */ = {isa = PBXBuildFile; fileRef = 81CEBDDD27BF3FAE0069740E /* cat1.mp4 */; };
		81CEBDE327BF3FAE0069740E /* cat4.mp4 in Resources */ = {isa = PBXBuildFile; fileRef = 81CEBDDE27BF3FAE0069740E /* cat4.mp4 */; };
		81CEBDE427BF3FAE0069740E /* spider.mp4 in Resources */ = {isa = PBXBuildFile; fileRef = 81CEBDDF27BF3FAE0069740E /* spider.mp4 */; };
		81CEBDE527BF3FAE0069740E /* cat2.mp4 in Resources */ = {isa = PBXBuildFile; fileRef = 81CEBDE027BF3FAE0069740E /* cat2.mp4 */; };
/* End PBXBuildFile section */

/* Begin PBXFileReference section */
		816E85F727BE1CB50097FA64 /* DiscoverViewController.swift */ = {isa = PBXFileReference; lastKnownFileType = sourcecode.swift; path = DiscoverViewController.swift; sourceTree = "<group>"; };
		816E85F927BE38AE0097FA64 /* MainViewCell.swift */ = {isa = PBXFileReference; lastKnownFileType = sourcecode.swift; path = MainViewCell.swift; sourceTree = "<group>"; };
		816E85FA27BE38AE0097FA64 /* MainViewCell.xib */ = {isa = PBXFileReference; lastKnownFileType = file.xib; path = MainViewCell.xib; sourceTree = "<group>"; };
		81839E1D27BB6D080045F502 /* Tocktak.app */ = {isa = PBXFileReference; explicitFileType = wrapper.application; includeInIndex = 0; path = Tocktak.app; sourceTree = BUILT_PRODUCTS_DIR; };
		81839E2027BB6D080045F502 /* AppDelegate.swift */ = {isa = PBXFileReference; lastKnownFileType = sourcecode.swift; path = AppDelegate.swift; sourceTree = "<group>"; };
		81839E2227BB6D080045F502 /* SceneDelegate.swift */ = {isa = PBXFileReference; lastKnownFileType = sourcecode.swift; path = SceneDelegate.swift; sourceTree = "<group>"; };
		81839E2427BB6D080045F502 /* ViewController.swift */ = {isa = PBXFileReference; lastKnownFileType = sourcecode.swift; path = ViewController.swift; sourceTree = "<group>"; };
		81839E2727BB6D080045F502 /* Base */ = {isa = PBXFileReference; lastKnownFileType = file.storyboard; name = Base; path = Base.lproj/Main.storyboard; sourceTree = "<group>"; };
		81839E2927BB6D090045F502 /* Assets.xcassets */ = {isa = PBXFileReference; lastKnownFileType = folder.assetcatalog; path = Assets.xcassets; sourceTree = "<group>"; };
		81839E2C27BB6D090045F502 /* Base */ = {isa = PBXFileReference; lastKnownFileType = file.storyboard; name = Base; path = Base.lproj/LaunchScreen.storyboard; sourceTree = "<group>"; };
		81839E2E27BB6D090045F502 /* Info.plist */ = {isa = PBXFileReference; lastKnownFileType = text.plist.xml; path = Info.plist; sourceTree = "<group>"; };
		81CEBDDC27BF3FAE0069740E /* cat3.mp4 */ = {isa = PBXFileReference; lastKnownFileType = file; path = cat3.mp4; sourceTree = "<group>"; };
		81CEBDDD27BF3FAE0069740E /* cat1.mp4 */ = {isa = PBXFileReference; lastKnownFileType = file; path = cat1.mp4; sourceTree = "<group>"; };
		81CEBDDE27BF3FAE0069740E /* cat4.mp4 */ = {isa = PBXFileReference; lastKnownFileType = file; path = cat4.mp4; sourceTree = "<group>"; };
		81CEBDDF27BF3FAE0069740E /* spider.mp4 */ = {isa = PBXFileReference; lastKnownFileType = file; path = spider.mp4; sourceTree = "<group>"; };
		81CEBDE027BF3FAE0069740E /* cat2.mp4 */ = {isa = PBXFileReference; lastKnownFileType = file; path = cat2.mp4; sourceTree = "<group>"; };
		9379092099D3F2713913E7D9 /* Pods_Tocktak.framework */ = {isa = PBXFileReference; explicitFileType = wrapper.framework; includeInIndex = 0; path = Pods_Tocktak.framework; sourceTree = BUILT_PRODUCTS_DIR; };
		D0D4C2DF9F88EF4674F0FC90 /* Pods-Tocktak.debug.xcconfig */ = {isa = PBXFileReference; includeInIndex = 1; lastKnownFileType = text.xcconfig; name = "Pods-Tocktak.debug.xcconfig"; path = "Target Support Files/Pods-Tocktak/Pods-Tocktak.debug.xcconfig"; sourceTree = "<group>"; };
		D8EEEFD1D3B05CBAACFC5F13 /* Pods-Tocktak.release.xcconfig */ = {isa = PBXFileReference; includeInIndex = 1; lastKnownFileType = text.xcconfig; name = "Pods-Tocktak.release.xcconfig"; path = "Target Support Files/Pods-Tocktak/Pods-Tocktak.release.xcconfig"; sourceTree = "<group>"; };
/* End PBXFileReference section */

/* Begin PBXFrameworksBuildPhase section */
		81839E1A27BB6D080045F502 /* Frameworks */ = {
			isa = PBXFrameworksBuildPhase;
			buildActionMask = 2147483647;
			files = (
				0BDBE9EA148BA9066A22ECE6 /* Pods_Tocktak.framework in Frameworks */,
			);
			runOnlyForDeploymentPostprocessing = 0;
		};
/* End PBXFrameworksBuildPhase section */

/* Begin PBXGroup section */
		1CF788664C79F73AA942EDFE /* Frameworks */ = {
			isa = PBXGroup;
			children = (
				9379092099D3F2713913E7D9 /* Pods_Tocktak.framework */,
			);
			name = Frameworks;
			sourceTree = "<group>";
		};
		675C54F29A18FCE212BB32D8 /* Pods */ = {
			isa = PBXGroup;
			children = (
				D0D4C2DF9F88EF4674F0FC90 /* Pods-Tocktak.debug.xcconfig */,
				D8EEEFD1D3B05CBAACFC5F13 /* Pods-Tocktak.release.xcconfig */,
			);
			path = Pods;
			sourceTree = "<group>";
		};
		816E85F627BE16A60097FA64 /* Controllers */ = {
			isa = PBXGroup;
			children = (
				816E85F727BE1CB50097FA64 /* DiscoverViewController.swift */,
				816E85F927BE38AE0097FA64 /* MainViewCell.swift */,
				816E85FA27BE38AE0097FA64 /* MainViewCell.xib */,
			);
			path = Controllers;
			sourceTree = "<group>";
		};
		81839E1427BB6D080045F502 = {
			isa = PBXGroup;
			children = (
				81CEBDDB27BF3F770069740E /* Assets */,
				81839E1F27BB6D080045F502 /* Tocktak */,
				81839E1E27BB6D080045F502 /* Products */,
				675C54F29A18FCE212BB32D8 /* Pods */,
				1CF788664C79F73AA942EDFE /* Frameworks */,
			);
			sourceTree = "<group>";
		};
		81839E1E27BB6D080045F502 /* Products */ = {
			isa = PBXGroup;
			children = (
				81839E1D27BB6D080045F502 /* Tocktak.app */,
			);
			name = Products;
			sourceTree = "<group>";
		};
		81839E1F27BB6D080045F502 /* Tocktak */ = {
			isa = PBXGroup;
			children = (
				81839E2027BB6D080045F502 /* AppDelegate.swift */,
				81839E2227BB6D080045F502 /* SceneDelegate.swift */,
				81839E2427BB6D080045F502 /* ViewController.swift */,
				816E85F627BE16A60097FA64 /* Controllers */,
				81839E2627BB6D080045F502 /* Main.storyboard */,
				81839E2927BB6D090045F502 /* Assets.xcassets */,
				81839E2B27BB6D090045F502 /* LaunchScreen.storyboard */,
				81839E2E27BB6D090045F502 /* Info.plist */,
			);
			path = Tocktak;
			sourceTree = "<group>";
		};
		81CEBDDB27BF3F770069740E /* Assets */ = {
			isa = PBXGroup;
			children = (
				81CEBDDD27BF3FAE0069740E /* cat1.mp4 */,
				81CEBDE027BF3FAE0069740E /* cat2.mp4 */,
				81CEBDDC27BF3FAE0069740E /* cat3.mp4 */,
				81CEBDDE27BF3FAE0069740E /* cat4.mp4 */,
				81CEBDDF27BF3FAE0069740E /* spider.mp4 */,
			);
			path = Assets;
			sourceTree = "<group>";
		};
/* End PBXGroup section */

/* Begin PBXNativeTarget section */
		81839E1C27BB6D080045F502 /* Tocktak */ = {
			isa = PBXNativeTarget;
			buildConfigurationList = 81839E3127BB6D090045F502 /* Build configuration list for PBXNativeTarget "Tocktak" */;
			buildPhases = (
				E776310F3CE88E60D179C764 /* [CP] Check Pods Manifest.lock */,
				81839E1927BB6D080045F502 /* Sources */,
				81839E1A27BB6D080045F502 /* Frameworks */,
				81839E1B27BB6D080045F502 /* Resources */,
			);
			buildRules = (
			);
			dependencies = (
			);
			name = Tocktak;
			productName = Tocktak;
			productReference = 81839E1D27BB6D080045F502 /* Tocktak.app */;
			productType = "com.apple.product-type.application";
		};
/* End PBXNativeTarget section */

/* Begin PBXProject section */
		81839E1527BB6D080045F502 /* Project object */ = {
			isa = PBXProject;
			attributes = {
				BuildIndependentTargetsInParallel = 1;
				LastSwiftUpdateCheck = 1320;
				LastUpgradeCheck = 1320;
				TargetAttributes = {
					81839E1C27BB6D080045F502 = {
						CreatedOnToolsVersion = 13.2.1;
					};
				};
			};
			buildConfigurationList = 81839E1827BB6D080045F502 /* Build configuration list for PBXProject "Tocktak" */;
			compatibilityVersion = "Xcode 13.0";
			developmentRegion = en;
			hasScannedForEncodings = 0;
			knownRegions = (
				en,
				Base,
			);
			mainGroup = 81839E1427BB6D080045F502;
			productRefGroup = 81839E1E27BB6D080045F502 /* Products */;
			projectDirPath = "";
			projectRoot = "";
			targets = (
				81839E1C27BB6D080045F502 /* Tocktak */,
			);
		};
/* End PBXProject section */

/* Begin PBXResourcesBuildPhase section */
		81839E1B27BB6D080045F502 /* Resources */ = {
			isa = PBXResourcesBuildPhase;
			buildActionMask = 2147483647;
			files = (
				81CEBDE127BF3FAE0069740E /* cat3.mp4 in Resources */,
				81CEBDE227BF3FAE0069740E /* cat1.mp4 in Resources */,
				81CEBDE327BF3FAE0069740E /* cat4.mp4 in Resources */,
				81CEBDE427BF3FAE0069740E /* spider.mp4 in Resources */,
				81CEBDE527BF3FAE0069740E /* cat2.mp4 in Resources */,
				816E85FC27BE38AE0097FA64 /* MainViewCell.xib in Resources */,
				81839E2D27BB6D090045F502 /* LaunchScreen.storyboard in Resources */,
				81839E2A27BB6D090045F502 /* Assets.xcassets in Resources */,
				81839E2827BB6D080045F502 /* Main.storyboard in Resources */,
			);
			runOnlyForDeploymentPostprocessing = 0;
		};
/* End PBXResourcesBuildPhase section */

/* Begin PBXShellScriptBuildPhase section */
		E776310F3CE88E60D179C764 /* [CP] Check Pods Manifest.lock */ = {
			isa = PBXShellScriptBuildPhase;
			buildActionMask = 2147483647;
			files = (
			);
			inputFileListPaths = (
			);
			inputPaths = (
				"${PODS_PODFILE_DIR_PATH}/Podfile.lock",
				"${PODS_ROOT}/Manifest.lock",
			);
			name = "[CP] Check Pods Manifest.lock";
			outputFileListPaths = (
			);
			outputPaths = (
				"$(DERIVED_FILE_DIR)/Pods-Tocktak-checkManifestLockResult.txt",
			);
			runOnlyForDeploymentPostprocessing = 0;
			shellPath = /bin/sh;
			shellScript = "diff \"${PODS_PODFILE_DIR_PATH}/Podfile.lock\" \"${PODS_ROOT}/Manifest.lock\" > /dev/null\nif [ $? != 0 ] ; then\n    # print error to STDERR\n    echo \"error: The sandbox is not in sync with the Podfile.lock. Run 'pod install' or update your CocoaPods installation.\" >&2\n    exit 1\nfi\n# This output is used by Xcode 'outputs' to avoid re-running this script phase.\necho \"SUCCESS\" > \"${SCRIPT_OUTPUT_FILE_0}\"\n";
			showEnvVarsInLog = 0;
		};
/* End PBXShellScriptBuildPhase section */

/* Begin PBXSourcesBuildPhase section */
		81839E1927BB6D080045F502 /* Sources */ = {
			isa = PBXSourcesBuildPhase;
			buildActionMask = 2147483647;
			files = (
				816E85FB27BE38AE0097FA64 /* MainViewCell.swift in Sources */,
				81839E2527BB6D080045F502 /* ViewController.swift in Sources */,
				816E85F827BE1CB50097FA64 /* DiscoverViewController.swift in Sources */,
				81839E2127BB6D080045F502 /* AppDelegate.swift in Sources */,
				81839E2327BB6D080045F502 /* SceneDelegate.swift in Sources */,
			);
			runOnlyForDeploymentPostprocessing = 0;
		};
/* End PBXSourcesBuildPhase section */

/* Begin PBXVariantGroup section */
		81839E2627BB6D080045F502 /* Main.storyboard */ = {
			isa = PBXVariantGroup;
			children = (
				81839E2727BB6D080045F502 /* Base */,
			);
			name = Main.storyboard;
			sourceTree = "<group>";
		};
		81839E2B27BB6D090045F502 /* LaunchScreen.storyboard */ = {
			isa = PBXVariantGroup;
			children = (
				81839E2C27BB6D090045F502 /* Base */,
			);
			name = LaunchScreen.storyboard;
			sourceTree = "<group>";
		};
/* End PBXVariantGroup section */

/* Begin XCBuildConfiguration section */
		81839E2F27BB6D090045F502 /* Debug */ = {
			isa = XCBuildConfiguration;
			buildSettings = {
				ALWAYS_SEARCH_USER_PATHS = NO;
				CLANG_ANALYZER_NONNULL = YES;
				CLANG_ANALYZER_NUMBER_OBJECT_CONVERSION = YES_AGGRESSIVE;
				CLANG_CXX_LANGUAGE_STANDARD = "gnu++17";
				CLANG_CXX_LIBRARY = "libc++";
				CLANG_ENABLE_MODULES = YES;
				CLANG_ENABLE_OBJC_ARC = YES;
				CLANG_ENABLE_OBJC_WEAK = YES;
				CLANG_WARN_BLOCK_CAPTURE_AUTORELEASING = YES;
				CLANG_WARN_BOOL_CONVERSION = YES;
				CLANG_WARN_COMMA = YES;
				CLANG_WARN_CONSTANT_CONVERSION = YES;
				CLANG_WARN_DEPRECATED_OBJC_IMPLEMENTATIONS = YES;
				CLANG_WARN_DIRECT_OBJC_ISA_USAGE = YES_ERROR;
				CLANG_WARN_DOCUMENTATION_COMMENTS = YES;
				CLANG_WARN_EMPTY_BODY = YES;
				CLANG_WARN_ENUM_CONVERSION = YES;
				CLANG_WARN_INFINITE_RECURSION = YES;
				CLANG_WARN_INT_CONVERSION = YES;
				CLANG_WARN_NON_LITERAL_NULL_CONVERSION = YES;
				CLANG_WARN_OBJC_IMPLICIT_RETAIN_SELF = YES;
				CLANG_WARN_OBJC_LITERAL_CONVERSION = YES;
				CLANG_WARN_OBJC_ROOT_CLASS = YES_ERROR;
				CLANG_WARN_QUOTED_INCLUDE_IN_FRAMEWORK_HEADER = YES;
				CLANG_WARN_RANGE_LOOP_ANALYSIS = YES;
				CLANG_WARN_STRICT_PROTOTYPES = YES;
				CLANG_WARN_SUSPICIOUS_MOVE = YES;
				CLANG_WARN_UNGUARDED_AVAILABILITY = YES_AGGRESSIVE;
				CLANG_WARN_UNREACHABLE_CODE = YES;
				CLANG_WARN__DUPLICATE_METHOD_MATCH = YES;
				COPY_PHASE_STRIP = NO;
				DEBUG_INFORMATION_FORMAT = dwarf;
				ENABLE_STRICT_OBJC_MSGSEND = YES;
				ENABLE_TESTABILITY = YES;
				GCC_C_LANGUAGE_STANDARD = gnu11;
				GCC_DYNAMIC_NO_PIC = NO;
				GCC_NO_COMMON_BLOCKS = YES;
				GCC_OPTIMIZATION_LEVEL = 0;
				GCC_PREPROCESSOR_DEFINITIONS = (
					"DEBUG=1",
					"$(inherited)",
				);
				GCC_WARN_64_TO_32_BIT_CONVERSION = YES;
				GCC_WARN_ABOUT_RETURN_TYPE = YES_ERROR;
				GCC_WARN_UNDECLARED_SELECTOR = YES;
				GCC_WARN_UNINITIALIZED_AUTOS = YES_AGGRESSIVE;
				GCC_WARN_UNUSED_FUNCTION = YES;
				GCC_WARN_UNUSED_VARIABLE = YES;
				IPHONEOS_DEPLOYMENT_TARGET = 15.2;
				MTL_ENABLE_DEBUG_INFO = INCLUDE_SOURCE;
				MTL_FAST_MATH = YES;
				ONLY_ACTIVE_ARCH = YES;
				SDKROOT = iphoneos;
				SWIFT_ACTIVE_COMPILATION_CONDITIONS = DEBUG;
				SWIFT_OPTIMIZATION_LEVEL = "-Onone";
			};
			name = Debug;
		};
		81839E3027BB6D090045F502 /* Release */ = {
			isa = XCBuildConfiguration;
			buildSettings = {
				ALWAYS_SEARCH_USER_PATHS = NO;
				CLANG_ANALYZER_NONNULL = YES;
				CLANG_ANALYZER_NUMBER_OBJECT_CONVERSION = YES_AGGRESSIVE;
				CLANG_CXX_LANGUAGE_STANDARD = "gnu++17";
				CLANG_CXX_LIBRARY = "libc++";
				CLANG_ENABLE_MODULES = YES;
				CLANG_ENABLE_OBJC_ARC = YES;
				CLANG_ENABLE_OBJC_WEAK = YES;
				CLANG_WARN_BLOCK_CAPTURE_AUTORELEASING = YES;
				CLANG_WARN_BOOL_CONVERSION = YES;
				CLANG_WARN_COMMA = YES;
				CLANG_WARN_CONSTANT_CONVERSION = YES;
				CLANG_WARN_DEPRECATED_OBJC_IMPLEMENTATIONS = YES;
				CLANG_WARN_DIRECT_OBJC_ISA_USAGE = YES_ERROR;
				CLANG_WARN_DOCUMENTATION_COMMENTS = YES;
				CLANG_WARN_EMPTY_BODY = YES;
				CLANG_WARN_ENUM_CONVERSION = YES;
				CLANG_WARN_INFINITE_RECURSION = YES;
				CLANG_WARN_INT_CONVERSION = YES;
				CLANG_WARN_NON_LITERAL_NULL_CONVERSION = YES;
				CLANG_WARN_OBJC_IMPLICIT_RETAIN_SELF = YES;
				CLANG_WARN_OBJC_LITERAL_CONVERSION = YES;
				CLANG_WARN_OBJC_ROOT_CLASS = YES_ERROR;
				CLANG_WARN_QUOTED_INCLUDE_IN_FRAMEWORK_HEADER = YES;
				CLANG_WARN_RANGE_LOOP_ANALYSIS = YES;
				CLANG_WARN_STRICT_PROTOTYPES = YES;
				CLANG_WARN_SUSPICIOUS_MOVE = YES;
				CLANG_WARN_UNGUARDED_AVAILABILITY = YES_AGGRESSIVE;
				CLANG_WARN_UNREACHABLE_CODE = YES;
				CLANG_WARN__DUPLICATE_METHOD_MATCH = YES;
				COPY_PHASE_STRIP = NO;
				DEBUG_INFORMATION_FORMAT = "dwarf-with-dsym";
				ENABLE_NS_ASSERTIONS = NO;
				ENABLE_STRICT_OBJC_MSGSEND = YES;
				GCC_C_LANGUAGE_STANDARD = gnu11;
				GCC_NO_COMMON_BLOCKS = YES;
				GCC_WARN_64_TO_32_BIT_CONVERSION = YES;
				GCC_WARN_ABOUT_RETURN_TYPE = YES_ERROR;
				GCC_WARN_UNDECLARED_SELECTOR = YES;
				GCC_WARN_UNINITIALIZED_AUTOS = YES_AGGRESSIVE;
				GCC_WARN_UNUSED_FUNCTION = YES;
				GCC_WARN_UNUSED_VARIABLE = YES;
				IPHONEOS_DEPLOYMENT_TARGET = 15.2;
				MTL_ENABLE_DEBUG_INFO = NO;
				MTL_FAST_MATH = YES;
				SDKROOT = iphoneos;
				SWIFT_COMPILATION_MODE = wholemodule;
				SWIFT_OPTIMIZATION_LEVEL = "-O";
				VALIDATE_PRODUCT = YES;
			};
			name = Release;
		};
		81839E3227BB6D090045F502 /* Debug */ = {
			isa = XCBuildConfiguration;
			baseConfigurationReference = D0D4C2DF9F88EF4674F0FC90 /* Pods-Tocktak.debug.xcconfig */;
			buildSettings = {
				ASSETCATALOG_COMPILER_APPICON_NAME = AppIcon;
				ASSETCATALOG_COMPILER_GLOBAL_ACCENT_COLOR_NAME = AccentColor;
				CODE_SIGN_STYLE = Automatic;
				CURRENT_PROJECT_VERSION = 1;
				GENERATE_INFOPLIST_FILE = YES;
				INFOPLIST_FILE = Tocktak/Info.plist;
				INFOPLIST_KEY_UIApplicationSupportsIndirectInputEvents = YES;
				INFOPLIST_KEY_UILaunchStoryboardName = LaunchScreen;
				INFOPLIST_KEY_UIMainStoryboardFile = Main;
				INFOPLIST_KEY_UISupportedInterfaceOrientations_iPad = "UIInterfaceOrientationPortrait UIInterfaceOrientationPortraitUpsideDown UIInterfaceOrientationLandscapeLeft UIInterfaceOrientationLandscapeRight";
				INFOPLIST_KEY_UISupportedInterfaceOrientations_iPhone = "UIInterfaceOrientationPortrait UIInterfaceOrientationLandscapeLeft UIInterfaceOrientationLandscapeRight";
				LD_RUNPATH_SEARCH_PATHS = (
					"$(inherited)",
					"@executable_path/Frameworks",
				);
				MARKETING_VERSION = 1.0;
				PRODUCT_BUNDLE_IDENTIFIER = com.pongsatorn.Tocktak;
				PRODUCT_NAME = "$(TARGET_NAME)";
				SWIFT_EMIT_LOC_STRINGS = YES;
				SWIFT_VERSION = 5.0;
				TARGETED_DEVICE_FAMILY = "1,2";
			};
			name = Debug;
		};
		81839E3327BB6D090045F502 /* Release */ = {
			isa = XCBuildConfiguration;
			baseConfigurationReference = D8EEEFD1D3B05CBAACFC5F13 /* Pods-Tocktak.release.xcconfig */;
			buildSettings = {
				ASSETCATALOG_COMPILER_APPICON_NAME = AppIcon;
				ASSETCATALOG_COMPILER_GLOBAL_ACCENT_COLOR_NAME = AccentColor;
				CODE_SIGN_STYLE = Automatic;
				CURRENT_PROJECT_VERSION = 1;
				GENERATE_INFOPLIST_FILE = YES;
				INFOPLIST_FILE = Tocktak/Info.plist;
				INFOPLIST_KEY_UIApplicationSupportsIndirectInputEvents = YES;
				INFOPLIST_KEY_UILaunchStoryboardName = LaunchScreen;
				INFOPLIST_KEY_UIMainStoryboardFile = Main;
				INFOPLIST_KEY_UISupportedInterfaceOrientations_iPad = "UIInterfaceOrientationPortrait UIInterfaceOrientationPortraitUpsideDown UIInterfaceOrientationLandscapeLeft UIInterfaceOrientationLandscapeRight";
				INFOPLIST_KEY_UISupportedInterfaceOrientations_iPhone = "UIInterfaceOrientationPortrait UIInterfaceOrientationLandscapeLeft UIInterfaceOrientationLandscapeRight";
				LD_RUNPATH_SEARCH_PATHS = (
					"$(inherited)",
					"@executable_path/Frameworks",
				);
				MARKETING_VERSION = 1.0;
				PRODUCT_BUNDLE_IDENTIFIER = com.pongsatorn.Tocktak;
				PRODUCT_NAME = "$(TARGET_NAME)";
				SWIFT_EMIT_LOC_STRINGS = YES;
				SWIFT_VERSION = 5.0;
				TARGETED_DEVICE_FAMILY = "1,2";
			};
			name = Release;
		};
/* End XCBuildConfiguration section */

/* Begin XCConfigurationList section */
		81839E1827BB6D080045F502 /* Build configuration list for PBXProject "Tocktak" */ = {
			isa = XCConfigurationList;
			buildConfigurations = (
				81839E2F27BB6D090045F502 /* Debug */,
				81839E3027BB6D090045F502 /* Release */,
			);
			defaultConfigurationIsVisible = 0;
			defaultConfigurationName = Release;
		};
		81839E3127BB6D090045F502 /* Build configuration list for PBXNativeTarget "Tocktak" */ = {
			isa = XCConfigurationList;
			buildConfigurations = (
				81839E3227BB6D090045F502 /* Debug */,
				81839E3327BB6D090045F502 /* Release */,
			);
			defaultConfigurationIsVisible = 0;
			defaultConfigurationName = Release;
		};
/* End XCConfigurationList section */
	};
	rootObject = 81839E1527BB6D080045F502 /* Project object */;
}
